
Microsoft Visual Studio Solution File, Format Version 12.00
# Visual Studio 15
VisualStudioVersion = 15.0.28307.1062
MinimumVisualStudioVersion = 10.0.40219.1
Project("{B1E792BE-AA5F-4E3C-8C82-674BF9C0715B}") = "StatePattern", "StatePattern.tsproj", "{5D7DE576-19B5-4EA2-BE6B-8B2EA805A2D6}"
EndProject
Global
	GlobalSection(SolutionConfigurationPlatforms) = preSolution
		Debug|TwinCAT CE7 (ARMV7) = Debug|TwinCAT CE7 (ARMV7)
		Debug|TwinCAT OS (ARMT2) = Debug|TwinCAT OS (ARMT2)
		Debug|TwinCAT RT (x64) = Debug|TwinCAT RT (x64)
		Debug|TwinCAT RT (x86) = Debug|TwinCAT RT (x86)
		Release|TwinCAT CE7 (ARMV7) = Release|TwinCAT CE7 (ARMV7)
		Release|TwinCAT OS (ARMT2) = Release|TwinCAT OS (ARMT2)
		Release|TwinCAT RT (x64) = Release|TwinCAT RT (x64)
		Release|TwinCAT RT (x86) = Release|TwinCAT RT (x86)
	EndGlobalSection
	GlobalSection(ProjectConfigurationPlatforms) = postSolution
		{5D7DE576-19B5-4EA2-BE6B-8B2EA805A2D6}.Debug|TwinCAT CE7 (ARMV7).ActiveCfg = Debug|TwinCAT CE7 (ARMV7)
		{5D7DE576-19B5-4EA2-BE6B-8B2EA805A2D6}.Debug|TwinCAT CE7 (ARMV7).Build.0 = Debug|TwinCAT CE7 (ARMV7)
		{5D7DE576-19B5-4EA2-BE6B-8B2EA805A2D6}.Debug|TwinCAT OS (ARMT2).ActiveCfg = Debug|TwinCAT OS (ARMT2)
		{5D7DE576-19B5-4EA2-BE6B-8B2EA805A2D6}.Debug|TwinCAT OS (ARMT2).Build.0 = Debug|TwinCAT OS (ARMT2)
		{5D7DE576-19B5-4EA2-BE6B-8B2EA805A2D6}.Debug|TwinCAT RT (x64).ActiveCfg = Debug|TwinCAT RT (x64)
		{5D7DE576-19B5-4EA2-BE6B-8B2EA805A2D6}.Debug|TwinCAT RT (x64).Build.0 = Debug|TwinCAT RT (x64)
		{5D7DE576-19B5-4EA2-BE6B-8B2EA805A2D6}.Debug|TwinCAT RT (x86).ActiveCfg = Debug|TwinCAT RT (x86)
		{5D7DE576-19B5-4EA2-BE6B-8B2EA805A2D6}.Debug|TwinCAT RT (x86).Build.0 = Debug|TwinCAT RT (x86)
		{5D7DE576-19B5-4EA2-BE6B-8B2EA805A2D6}.Release|TwinCAT CE7 (ARMV7).ActiveCfg = Release|TwinCAT CE7 (ARMV7)
		{5D7DE576-19B5-4EA2-BE6B-8B2EA805A2D6}.Release|TwinCAT CE7 (ARMV7).Build.0 = Release|TwinCAT CE7 (ARMV7)
		{5D7DE576-19B5-4EA2-BE6B-8B2EA805A2D6}.Release|TwinCAT OS (ARMT2).ActiveCfg = Release|TwinCAT OS (ARMT2)
		{5D7DE576-19B5-4EA2-BE6B-8B2EA805A2D6}.Release|TwinCAT OS (ARMT2).Build.0 = Release|TwinCAT OS (ARMT2)
		{5D7DE576-19B5-4EA2-BE6B-8B2EA805A2D6}.Release|TwinCAT RT (x64).ActiveCfg = Release|TwinCAT RT (x64)
		{5D7DE576-19B5-4EA2-BE6B-8B2EA805A2D6}.Release|TwinCAT RT (x64).Build.0 = Release|TwinCAT RT (x64)
		{5D7DE576-19B5-4EA2-BE6B-8B2EA805A2D6}.Release|TwinCAT RT (x86).ActiveCfg = Release|TwinCAT RT (x86)
		{5D7DE576-19B5-4EA2-BE6B-8B2EA805A2D6}.Release|TwinCAT RT (x86).Build.0 = Release|TwinCAT RT (x86)
		{F9B83588-6065-4CC3-BA5A-3C28D3C54735}.Debug|TwinCAT CE7 (ARMV7).ActiveCfg = Debug|TwinCAT CE7 (ARMV7)
		{F9B83588-6065-4CC3-BA5A-3C28D3C54735}.Debug|TwinCAT CE7 (ARMV7).Build.0 = Debug|TwinCAT CE7 (ARMV7)
		{F9B83588-6065-4CC3-BA5A-3C28D3C54735}.Debug|TwinCAT OS (ARMT2).ActiveCfg = Debug|TwinCAT OS (ARMT2)
		{F9B83588-6065-4CC3-BA5A-3C28D3C54735}.Debug|TwinCAT OS (ARMT2).Build.0 = Debug|TwinCAT OS (ARMT2)
		{F9B83588-6065-4CC3-BA5A-3C28D3C54735}.Debug|TwinCAT RT (x64).ActiveCfg = Debug|TwinCAT RT (x64)
		{F9B83588-6065-4CC3-BA5A-3C28D3C54735}.Debug|TwinCAT RT (x64).Build.0 = Debug|TwinCAT RT (x64)
		{F9B83588-6065-4CC3-BA5A-3C28D3C54735}.Debug|TwinCAT RT (x86).ActiveCfg = Debug|TwinCAT RT (x86)
		{F9B83588-6065-4CC3-BA5A-3C28D3C54735}.Debug|TwinCAT RT (x86).Build.0 = Debug|TwinCAT RT (x86)
		{F9B83588-6065-4CC3-BA5A-3C28D3C54735}.Release|TwinCAT CE7 (ARMV7).ActiveCfg = Release|TwinCAT CE7 (ARMV7)
		{F9B83588-6065-4CC3-BA5A-3C28D3C54735}.Release|TwinCAT CE7 (ARMV7).Build.0 = Release|TwinCAT CE7 (ARMV7)
		{F9B83588-6065-4CC3-BA5A-3C28D3C54735}.Release|TwinCAT OS (ARMT2).ActiveCfg = Release|TwinCAT OS (ARMT2)
		{F9B83588-6065-4CC3-BA5A-3C28D3C54735}.Release|TwinCAT OS (ARMT2).Build.0 = Release|TwinCAT OS (ARMT2)
		{F9B83588-6065-4CC3-BA5A-3C28D3C54735}.Release|TwinCAT RT (x64).ActiveCfg = Release|TwinCAT RT (x64)
		{F9B83588-6065-4CC3-BA5A-3C28D3C54735}.Release|TwinCAT RT (x64).Build.0 = Release|TwinCAT RT (x64)
		{F9B83588-6065-4CC3-BA5A-3C28D3C54735}.Release|TwinCAT RT (x86).ActiveCfg = Release|TwinCAT RT (x86)
		{F9B83588-6065-4CC3-BA5A-3C28D3C54735}.Release|TwinCAT RT (x86).Build.0 = Release|TwinCAT RT (x86)
	EndGlobalSection
	GlobalSection(SolutionProperties) = preSolution
		HideSolutionNode = FALSE
	EndGlobalSection
	GlobalSection(ExtensibilityGlobals) = postSolution
		SolutionGuid = {FD25B959-3EDE-43D8-AA30-6B7482863FC9}
	EndGlobalSection
EndGlobal
